
Microsoft Visual Studio Solution File, Format Version 12.00
# Visual Studio 2012
Project("{FAE04EC0-301F-11D3-BF4B-00C04F79EFBC}") = "gameboy", "gameboy\gameboy.csproj", "{BE6A8049-8AF9-45E0-B4F2-B9CD68CD458A}"
EndProject
Global
	GlobalSection(SolutionConfigurationPlatforms) = preSolution
		Debug|x86 = Debug|x86
		Release|x86 = Release|x86
	EndGlobalSection
	GlobalSection(ProjectConfigurationPlatforms) = postSolution
		{BE6A8049-8AF9-45E0-B4F2-B9CD68CD458A}.Debug|x86.ActiveCfg = Debug|x86
		{BE6A8049-8AF9-45E0-B4F2-B9CD68CD458A}.Debug|x86.Build.0 = Debug|x86
		{BE6A8049-8AF9-45E0-B4F2-B9CD68CD458A}.Release|x86.ActiveCfg = Release|x86
		{BE6A8049-8AF9-45E0-B4F2-B9CD68CD458A}.Release|x86.Build.0 = Release|x86
	EndGlobalSection
EndGlobal
